
Microsoft Visual Studio Solution File, Format Version 12.00
# Visual Studio 14
VisualStudioVersion = 14.0.25123.0
MinimumVisualStudioVersion = 10.0.40219.1
Project("{FAE04EC0-301F-11D3-BF4B-00C04F79EFBC}") = "QLTV_GUI", "QLTV_GUI\QLTV_GUI.csproj", "{8CA89CA1-A222-4709-8EB8-510BCF8541FC}"
EndProject
Project("{FAE04EC0-301F-11D3-BF4B-00C04F79EFBC}") = "QLTV_DTO", "QLTV_DTO\QLTV_DTO.csproj", "{904E831C-C97A-4A82-900B-D1B4BED11B95}"
EndProject
Project("{FAE04EC0-301F-11D3-BF4B-00C04F79EFBC}") = "QLTV_DAL", "QLTV_DAL\QLTV_DAL.csproj", "{B624A186-3FDD-4003-AAC5-6F9DB1B7E8EF}"
EndProject
Project("{FAE04EC0-301F-11D3-BF4B-00C04F79EFBC}") = "QLTV_BUS", "QLTV_BUS\QLTV_BUS.csproj", "{FBB235D6-2E00-4587-AD79-D92E2EE3B326}"
EndProject
Global
	GlobalSection(SolutionConfigurationPlatforms) = preSolution
		Debug|Any CPU = Debug|Any CPU
		Release|Any CPU = Release|Any CPU
	EndGlobalSection
	GlobalSection(ProjectConfigurationPlatforms) = postSolution
		{8CA89CA1-A222-4709-8EB8-510BCF8541FC}.Debug|Any CPU.ActiveCfg = Debug|Any CPU
		{8CA89CA1-A222-4709-8EB8-510BCF8541FC}.Debug|Any CPU.Build.0 = Debug|Any CPU
		{8CA89CA1-A222-4709-8EB8-510BCF8541FC}.Release|Any CPU.ActiveCfg = Release|Any CPU
		{8CA89CA1-A222-4709-8EB8-510BCF8541FC}.Release|Any CPU.Build.0 = Release|Any CPU
		{904E831C-C97A-4A82-900B-D1B4BED11B95}.Debug|Any CPU.ActiveCfg = Debug|Any CPU
		{904E831C-C97A-4A82-900B-D1B4BED11B95}.Debug|Any CPU.Build.0 = Debug|Any CPU
		{904E831C-C97A-4A82-900B-D1B4BED11B95}.Release|Any CPU.ActiveCfg = Release|Any CPU
		{904E831C-C97A-4A82-900B-D1B4BED11B95}.Release|Any CPU.Build.0 = Release|Any CPU
		{B624A186-3FDD-4003-AAC5-6F9DB1B7E8EF}.Debug|Any CPU.ActiveCfg = Debug|Any CPU
		{B624A186-3FDD-4003-AAC5-6F9DB1B7E8EF}.Debug|Any CPU.Build.0 = Debug|Any CPU
		{B624A186-3FDD-4003-AAC5-6F9DB1B7E8EF}.Release|Any CPU.ActiveCfg = Release|Any CPU
		{B624A186-3FDD-4003-AAC5-6F9DB1B7E8EF}.Release|Any CPU.Build.0 = Release|Any CPU
		{FBB235D6-2E00-4587-AD79-D92E2EE3B326}.Debug|Any CPU.ActiveCfg = Debug|Any CPU
		{FBB235D6-2E00-4587-AD79-D92E2EE3B326}.Debug|Any CPU.Build.0 = Debug|Any CPU
		{FBB235D6-2E00-4587-AD79-D92E2EE3B326}.Release|Any CPU.ActiveCfg = Release|Any CPU
		{FBB235D6-2E00-4587-AD79-D92E2EE3B326}.Release|Any CPU.Build.0 = Release|Any CPU
	EndGlobalSection
	GlobalSection(SolutionProperties) = preSolution
		HideSolutionNode = FALSE
	EndGlobalSection
EndGlobal
